
Microsoft Visual Studio Solution File, Format Version 12.00
# Visual Studio Version 17
VisualStudioVersion = 17.0.31717.71
MinimumVisualStudioVersion = 10.0.40219.1
Project("{9A19103F-16F7-4668-BE54-9A1E7A4F7556}") = "DesignPatterns.Strategy", "DesignPatterns.Strategy\DesignPatterns.Strategy.csproj", "{4E262E9D-590E-49F5-8101-6EFD86800B25}"
EndProject
Project("{9A19103F-16F7-4668-BE54-9A1E7A4F7556}") = "DesignPatterns.ChainOfResponsibility", "DesignPatterns.ChainOfResponsibility\DesignPatterns.ChainOfResponsibility.csproj", "{22F2494C-9F3D-476D-97F0-C7EBAD4BC461}"
EndProject
Project("{9A19103F-16F7-4668-BE54-9A1E7A4F7556}") = "DesignPatterns.TemplateMethod", "DesignPatterns.TemplateMethod\DesignPatterns.TemplateMethod.csproj", "{66E3CE60-1870-4C01-94A5-78B284CED5ED}"
EndProject
Project("{9A19103F-16F7-4668-BE54-9A1E7A4F7556}") = "DesignPatterns.Decorator", "DesignPatterns.Decorator\DesignPatterns.Decorator.csproj", "{262639C0-B357-4055-A0A7-E7AA69C989E2}"
EndProject
Project("{FAE04EC0-301F-11D3-BF4B-00C04F79EFBC}") = "DesignPatterns.State", "DesignPatterns.State\DesignPatterns.State.csproj", "{0768B780-94C8-4983-8316-A055CDB71C01}"
EndProject
Global
	GlobalSection(SolutionConfigurationPlatforms) = preSolution
		Debug|Any CPU = Debug|Any CPU
		Release|Any CPU = Release|Any CPU
	EndGlobalSection
	GlobalSection(ProjectConfigurationPlatforms) = postSolution
		{4E262E9D-590E-49F5-8101-6EFD86800B25}.Debug|Any CPU.ActiveCfg = Debug|Any CPU
		{4E262E9D-590E-49F5-8101-6EFD86800B25}.Debug|Any CPU.Build.0 = Debug|Any CPU
		{4E262E9D-590E-49F5-8101-6EFD86800B25}.Release|Any CPU.ActiveCfg = Release|Any CPU
		{4E262E9D-590E-49F5-8101-6EFD86800B25}.Release|Any CPU.Build.0 = Release|Any CPU
		{22F2494C-9F3D-476D-97F0-C7EBAD4BC461}.Debug|Any CPU.ActiveCfg = Debug|Any CPU
		{22F2494C-9F3D-476D-97F0-C7EBAD4BC461}.Debug|Any CPU.Build.0 = Debug|Any CPU
		{22F2494C-9F3D-476D-97F0-C7EBAD4BC461}.Release|Any CPU.ActiveCfg = Release|Any CPU
		{22F2494C-9F3D-476D-97F0-C7EBAD4BC461}.Release|Any CPU.Build.0 = Release|Any CPU
		{66E3CE60-1870-4C01-94A5-78B284CED5ED}.Debug|Any CPU.ActiveCfg = Debug|Any CPU
		{66E3CE60-1870-4C01-94A5-78B284CED5ED}.Debug|Any CPU.Build.0 = Debug|Any CPU
		{66E3CE60-1870-4C01-94A5-78B284CED5ED}.Release|Any CPU.ActiveCfg = Release|Any CPU
		{66E3CE60-1870-4C01-94A5-78B284CED5ED}.Release|Any CPU.Build.0 = Release|Any CPU
		{262639C0-B357-4055-A0A7-E7AA69C989E2}.Debug|Any CPU.ActiveCfg = Debug|Any CPU
		{262639C0-B357-4055-A0A7-E7AA69C989E2}.Debug|Any CPU.Build.0 = Debug|Any CPU
		{262639C0-B357-4055-A0A7-E7AA69C989E2}.Release|Any CPU.ActiveCfg = Release|Any CPU
		{262639C0-B357-4055-A0A7-E7AA69C989E2}.Release|Any CPU.Build.0 = Release|Any CPU
		{0768B780-94C8-4983-8316-A055CDB71C01}.Debug|Any CPU.ActiveCfg = Debug|Any CPU
		{0768B780-94C8-4983-8316-A055CDB71C01}.Debug|Any CPU.Build.0 = Debug|Any CPU
		{0768B780-94C8-4983-8316-A055CDB71C01}.Release|Any CPU.ActiveCfg = Release|Any CPU
		{0768B780-94C8-4983-8316-A055CDB71C01}.Release|Any CPU.Build.0 = Release|Any CPU
	EndGlobalSection
	GlobalSection(SolutionProperties) = preSolution
		HideSolutionNode = FALSE
	EndGlobalSection
	GlobalSection(ExtensibilityGlobals) = postSolution
		SolutionGuid = {F1D467B7-3F54-4979-951D-1C1F03D3873D}
	EndGlobalSection
EndGlobal
